
Microsoft Visual Studio Solution File, Format Version 12.00
# Visual Studio Version 16
VisualStudioVersion = 16.0.28729.10
MinimumVisualStudioVersion = 10.0.40219.1
Project("{8BC9CEB8-8B4A-11D0-8D11-00A0C91BC942}") = "Epos_Two_Motor_Run", "Epos_Two_Motor_Run.vcxproj", "{7FD2A886-74F1-4F38-83DB-DE8E9C766582}"
EndProject
Global
	GlobalSection(SolutionConfigurationPlatforms) = preSolution
		Debug|x64 = Debug|x64
		Debug|x86 = Debug|x86
		Release|x64 = Release|x64
		Release|x86 = Release|x86
	EndGlobalSection
	GlobalSection(ProjectConfigurationPlatforms) = postSolution
		{7FD2A886-74F1-4F38-83DB-DE8E9C766582}.Debug|x64.ActiveCfg = Debug|x64
		{7FD2A886-74F1-4F38-83DB-DE8E9C766582}.Debug|x64.Build.0 = Debug|x64
		{7FD2A886-74F1-4F38-83DB-DE8E9C766582}.Debug|x86.ActiveCfg = Debug|Win32
		{7FD2A886-74F1-4F38-83DB-DE8E9C766582}.Debug|x86.Build.0 = Debug|Win32
		{7FD2A886-74F1-4F38-83DB-DE8E9C766582}.Release|x64.ActiveCfg = Release|x64
		{7FD2A886-74F1-4F38-83DB-DE8E9C766582}.Release|x64.Build.0 = Release|x64
		{7FD2A886-74F1-4F38-83DB-DE8E9C766582}.Release|x86.ActiveCfg = Release|Win32
		{7FD2A886-74F1-4F38-83DB-DE8E9C766582}.Release|x86.Build.0 = Release|Win32
	EndGlobalSection
	GlobalSection(SolutionProperties) = preSolution
		HideSolutionNode = FALSE
	EndGlobalSection
	GlobalSection(ExtensibilityGlobals) = postSolution
		SolutionGuid = {0A9D6C42-B35C-4440-998B-27B52B85DDE8}
	EndGlobalSection
EndGlobal
